
Microsoft Visual Studio Solution File, Format Version 11.00
# Visual Studio 2010
Project("{FAE04EC0-301F-11D3-BF4B-00C04F79EFBC}") = "Ink-Libraries", "Ink-Libraries.csproj", "{75cb743d-e4fc-717a-74d2-ebc75b048ae5}"
EndProject
Project("{FAE04EC0-301F-11D3-BF4B-00C04F79EFBC}") = "Assembly-CSharp", "Assembly-CSharp.csproj", "{b28fb5b2-6244-0c6b-a872-40dd957e5fe0}"
EndProject
Project("{FAE04EC0-301F-11D3-BF4B-00C04F79EFBC}") = "InkEditor", "InkEditor.csproj", "{0c0f3fb2-3190-cb14-ec99-6a38d980e91f}"
EndProject
Project("{FAE04EC0-301F-11D3-BF4B-00C04F79EFBC}") = "Assembly-CSharp-Editor", "Assembly-CSharp-Editor.csproj", "{da69075a-da25-8da6-ba58-6ed404cb536b}"
EndProject
Global
	GlobalSection(SolutionConfigurationPlatforms) = preSolution
		Debug|Any CPU = Debug|Any CPU
	EndGlobalSection
	GlobalSection(ProjectConfigurationPlatforms) = postSolution
		{75cb743d-e4fc-717a-74d2-ebc75b048ae5}.Debug|Any CPU.ActiveCfg = Debug|Any CPU
		{75cb743d-e4fc-717a-74d2-ebc75b048ae5}.Debug|Any CPU.Build.0 = Debug|Any CPU
		{b28fb5b2-6244-0c6b-a872-40dd957e5fe0}.Debug|Any CPU.ActiveCfg = Debug|Any CPU
		{b28fb5b2-6244-0c6b-a872-40dd957e5fe0}.Debug|Any CPU.Build.0 = Debug|Any CPU
		{0c0f3fb2-3190-cb14-ec99-6a38d980e91f}.Debug|Any CPU.ActiveCfg = Debug|Any CPU
		{0c0f3fb2-3190-cb14-ec99-6a38d980e91f}.Debug|Any CPU.Build.0 = Debug|Any CPU
		{da69075a-da25-8da6-ba58-6ed404cb536b}.Debug|Any CPU.ActiveCfg = Debug|Any CPU
		{da69075a-da25-8da6-ba58-6ed404cb536b}.Debug|Any CPU.Build.0 = Debug|Any CPU
	EndGlobalSection
	GlobalSection(SolutionProperties) = preSolution
		HideSolutionNode = FALSE
	EndGlobalSection
EndGlobal
